
Microsoft Visual Studio Solution File, Format Version 12.00
# Visual Studio Version 16
VisualStudioVersion = 16.0.31025.194
MinimumVisualStudioVersion = 10.0.40219.1
Project("{FAE04EC0-301F-11D3-BF4B-00C04F79EFBC}") = "App2 Oscar Corado.Android", "App2 Oscar Corado\App2 Oscar Corado.Android\App2 Oscar Corado.Android.csproj", "{AB89CED0-0C75-465D-A93C-B312A4D5E174}"
EndProject
Project("{FAE04EC0-301F-11D3-BF4B-00C04F79EFBC}") = "App2 Oscar Corado.iOS", "App2 Oscar Corado\App2 Oscar Corado.iOS\App2 Oscar Corado.iOS.csproj", "{3636FBC8-13DA-4143-94B1-267B5109D94C}"
EndProject
Project("{FAE04EC0-301F-11D3-BF4B-00C04F79EFBC}") = "App2 Oscar Corado", "App2 Oscar Corado\App2 Oscar Corado\App2 Oscar Corado.csproj", "{0F04A59E-6282-49FF-A2A0-0CCC0DA9454A}"
EndProject
Global
	GlobalSection(SolutionConfigurationPlatforms) = preSolution
		Debug|Any CPU = Debug|Any CPU
		Debug|iPhone = Debug|iPhone
		Debug|iPhoneSimulator = Debug|iPhoneSimulator
		Release|Any CPU = Release|Any CPU
		Release|iPhone = Release|iPhone
		Release|iPhoneSimulator = Release|iPhoneSimulator
	EndGlobalSection
	GlobalSection(ProjectConfigurationPlatforms) = postSolution
		{AB89CED0-0C75-465D-A93C-B312A4D5E174}.Debug|Any CPU.ActiveCfg = Debug|Any CPU
		{AB89CED0-0C75-465D-A93C-B312A4D5E174}.Debug|Any CPU.Build.0 = Debug|Any CPU
		{AB89CED0-0C75-465D-A93C-B312A4D5E174}.Debug|Any CPU.Deploy.0 = Debug|Any CPU
		{AB89CED0-0C75-465D-A93C-B312A4D5E174}.Debug|iPhone.ActiveCfg = Debug|Any CPU
		{AB89CED0-0C75-465D-A93C-B312A4D5E174}.Debug|iPhone.Build.0 = Debug|Any CPU
		{AB89CED0-0C75-465D-A93C-B312A4D5E174}.Debug|iPhone.Deploy.0 = Debug|Any CPU
		{AB89CED0-0C75-465D-A93C-B312A4D5E174}.Debug|iPhoneSimulator.ActiveCfg = Debug|Any CPU
		{AB89CED0-0C75-465D-A93C-B312A4D5E174}.Debug|iPhoneSimulator.Build.0 = Debug|Any CPU
		{AB89CED0-0C75-465D-A93C-B312A4D5E174}.Debug|iPhoneSimulator.Deploy.0 = Debug|Any CPU
		{AB89CED0-0C75-465D-A93C-B312A4D5E174}.Release|Any CPU.ActiveCfg = Release|Any CPU
		{AB89CED0-0C75-465D-A93C-B312A4D5E174}.Release|Any CPU.Build.0 = Release|Any CPU
		{AB89CED0-0C75-465D-A93C-B312A4D5E174}.Release|Any CPU.Deploy.0 = Release|Any CPU
		{AB89CED0-0C75-465D-A93C-B312A4D5E174}.Release|iPhone.ActiveCfg = Release|Any CPU
		{AB89CED0-0C75-465D-A93C-B312A4D5E174}.Release|iPhone.Build.0 = Release|Any CPU
		{AB89CED0-0C75-465D-A93C-B312A4D5E174}.Release|iPhone.Deploy.0 = Release|Any CPU
		{AB89CED0-0C75-465D-A93C-B312A4D5E174}.Release|iPhoneSimulator.ActiveCfg = Release|Any CPU
		{AB89CED0-0C75-465D-A93C-B312A4D5E174}.Release|iPhoneSimulator.Build.0 = Release|Any CPU
		{AB89CED0-0C75-465D-A93C-B312A4D5E174}.Release|iPhoneSimulator.Deploy.0 = Release|Any CPU
		{3636FBC8-13DA-4143-94B1-267B5109D94C}.Debug|Any CPU.ActiveCfg = Debug|iPhone
		{3636FBC8-13DA-4143-94B1-267B5109D94C}.Debug|Any CPU.Build.0 = Debug|iPhone
		{3636FBC8-13DA-4143-94B1-267B5109D94C}.Debug|Any CPU.Deploy.0 = Debug|iPhone
		{3636FBC8-13DA-4143-94B1-267B5109D94C}.Debug|iPhone.ActiveCfg = Debug|iPhone
		{3636FBC8-13DA-4143-94B1-267B5109D94C}.Debug|iPhone.Build.0 = Debug|iPhone
		{3636FBC8-13DA-4143-94B1-267B5109D94C}.Debug|iPhone.Deploy.0 = Debug|iPhone
		{3636FBC8-13DA-4143-94B1-267B5109D94C}.Debug|iPhoneSimulator.ActiveCfg = Debug|iPhoneSimulator
		{3636FBC8-13DA-4143-94B1-267B5109D94C}.Debug|iPhoneSimulator.Build.0 = Debug|iPhoneSimulator
		{3636FBC8-13DA-4143-94B1-267B5109D94C}.Debug|iPhoneSimulator.Deploy.0 = Debug|iPhoneSimulator
		{3636FBC8-13DA-4143-94B1-267B5109D94C}.Release|Any CPU.ActiveCfg = Release|iPhoneSimulator
		{3636FBC8-13DA-4143-94B1-267B5109D94C}.Release|Any CPU.Build.0 = Release|iPhoneSimulator
		{3636FBC8-13DA-4143-94B1-267B5109D94C}.Release|Any CPU.Deploy.0 = Release|iPhoneSimulator
		{3636FBC8-13DA-4143-94B1-267B5109D94C}.Release|iPhone.ActiveCfg = Release|iPhone
		{3636FBC8-13DA-4143-94B1-267B5109D94C}.Release|iPhone.Build.0 = Release|iPhone
		{3636FBC8-13DA-4143-94B1-267B5109D94C}.Release|iPhone.Deploy.0 = Release|iPhone
		{3636FBC8-13DA-4143-94B1-267B5109D94C}.Release|iPhoneSimulator.ActiveCfg = Release|iPhoneSimulator
		{3636FBC8-13DA-4143-94B1-267B5109D94C}.Release|iPhoneSimulator.Build.0 = Release|iPhoneSimulator
		{3636FBC8-13DA-4143-94B1-267B5109D94C}.Release|iPhoneSimulator.Deploy.0 = Release|iPhoneSimulator
		{0F04A59E-6282-49FF-A2A0-0CCC0DA9454A}.Debug|Any CPU.ActiveCfg = Debug|Any CPU
		{0F04A59E-6282-49FF-A2A0-0CCC0DA9454A}.Debug|Any CPU.Build.0 = Debug|Any CPU
		{0F04A59E-6282-49FF-A2A0-0CCC0DA9454A}.Debug|Any CPU.Deploy.0 = Debug|Any CPU
		{0F04A59E-6282-49FF-A2A0-0CCC0DA9454A}.Debug|iPhone.ActiveCfg = Debug|Any CPU
		{0F04A59E-6282-49FF-A2A0-0CCC0DA9454A}.Debug|iPhone.Build.0 = Debug|Any CPU
		{0F04A59E-6282-49FF-A2A0-0CCC0DA9454A}.Debug|iPhone.Deploy.0 = Debug|Any CPU
		{0F04A59E-6282-49FF-A2A0-0CCC0DA9454A}.Debug|iPhoneSimulator.ActiveCfg = Debug|Any CPU
		{0F04A59E-6282-49FF-A2A0-0CCC0DA9454A}.Debug|iPhoneSimulator.Build.0 = Debug|Any CPU
		{0F04A59E-6282-49FF-A2A0-0CCC0DA9454A}.Debug|iPhoneSimulator.Deploy.0 = Debug|Any CPU
		{0F04A59E-6282-49FF-A2A0-0CCC0DA9454A}.Release|Any CPU.ActiveCfg = Release|Any CPU
		{0F04A59E-6282-49FF-A2A0-0CCC0DA9454A}.Release|Any CPU.Build.0 = Release|Any CPU
		{0F04A59E-6282-49FF-A2A0-0CCC0DA9454A}.Release|Any CPU.Deploy.0 = Release|Any CPU
		{0F04A59E-6282-49FF-A2A0-0CCC0DA9454A}.Release|iPhone.ActiveCfg = Release|Any CPU
		{0F04A59E-6282-49FF-A2A0-0CCC0DA9454A}.Release|iPhone.Build.0 = Release|Any CPU
		{0F04A59E-6282-49FF-A2A0-0CCC0DA9454A}.Release|iPhone.Deploy.0 = Release|Any CPU
		{0F04A59E-6282-49FF-A2A0-0CCC0DA9454A}.Release|iPhoneSimulator.ActiveCfg = Release|Any CPU
		{0F04A59E-6282-49FF-A2A0-0CCC0DA9454A}.Release|iPhoneSimulator.Build.0 = Release|Any CPU
		{0F04A59E-6282-49FF-A2A0-0CCC0DA9454A}.Release|iPhoneSimulator.Deploy.0 = Release|Any CPU
	EndGlobalSection
	GlobalSection(SolutionProperties) = preSolution
		HideSolutionNode = FALSE
	EndGlobalSection
	GlobalSection(ExtensibilityGlobals) = postSolution
		SolutionGuid = {74F2F91B-BD28-4E5E-BEC4-C4C60D818677}
	EndGlobalSection
EndGlobal
